{
  "nodes": {
    "claude-code-npm": {
      "inputs": {
        "nixpkgs": [
          "nixpkgs"
        ]
      },
      "locked": {
        "lastModified": 1760788491,
        "narHash": "sha256-ypw+Fwqq9K2k6kb29XLQjwZzlJRdeC5g/KsbDiZWXMA=",
        "owner": "GutMutCode",
        "repo": "claude-code-npm",
        "rev": "93d610b0ce3e8b5fc1c4619436adaeb80b52d76e",
        "type": "github"
      },
      "original": {
        "owner": "GutMutCode",
        "repo": "claude-code-npm",
        "type": "github"
      }
    },
    "factory-cli-nix": {
      "inputs": {
        "nixpkgs": [
          "nixpkgs"
        ]
      },
      "locked": {
        "lastModified": 1760779820,
        "narHash": "sha256-/vHsANxJAAzvfLVRuGl82zieDAXRjFxGjtQTsjhVWog=",
        "owner": "GutMutCode",
        "repo": "factory-cli-nix",
        "rev": "304ee44c446106840f6d3fabcc872462007969fd",
        "type": "github"
      },
      "original": {
        "owner": "GutMutCode",
        "repo": "factory-cli-nix",
        "type": "github"
      }
    },
    "home-manager": {
      "inputs": {
        "nixpkgs": [
          "nixpkgs"
        ]
      },
      "locked": {
        "lastModified": 1758463745,
        "narHash": "sha256-uhzsV0Q0I9j2y/rfweWeGif5AWe0MGrgZ/3TjpDYdGA=",
        "owner": "nix-community",
        "repo": "home-manager",
        "rev": "3b955f5f0a942f9f60cdc9cacb7844335d0f21c3",
        "type": "github"
      },
      "original": {
        "owner": "nix-community",
        "ref": "release-25.05",
        "repo": "home-manager",
        "type": "github"
      }
    },
    "nixpkgs": {
      "locked": {
        "lastModified": 1760580664,
        "narHash": "sha256-/YdfibIrnqXAL8p5kqCU345mzpHoOtuVIkMiI2pF4Dc=",
        "owner": "NixOS",
        "repo": "nixpkgs",
        "rev": "98ff3f9af2684f6136c24beef08f5e2033fc5389",
        "type": "github"
      },
      "original": {
        "id": "nixpkgs",
        "ref": "nixos-25.05",
        "type": "indirect"
      }
    },
    "nixpkgs-unstable": {
      "locked": {
        "lastModified": 1760596604,
        "narHash": "sha256-J/i5K6AAz/y5dBePHQOuzC7MbhyTOKsd/GLezSbEFiM=",
        "owner": "NixOS",
        "repo": "nixpkgs",
        "rev": "3cbe716e2346710d6e1f7c559363d14e11c32a43",
        "type": "github"
      },
      "original": {
        "id": "nixpkgs",
        "ref": "nixpkgs-unstable",
        "type": "indirect"
      }
    },
    "opencode-nix": {
      "inputs": {
        "nixpkgs": [
          "nixpkgs"
        ]
      },
      "locked": {
        "lastModified": 1760788475,
        "narHash": "sha256-7nFtL9Zcnd99GIQamMvvIalP8YnHe0jiPQRa9iy5wGQ=",
        "owner": "GutMutCode",
        "repo": "opencode-nix",
        "rev": "ced5cf13cc2e34435207053df7e5db0cbf68b5e0",
        "type": "github"
      },
      "original": {
        "owner": "GutMutCode",
        "repo": "opencode-nix",
        "type": "github"
      }
    },
    "root": {
      "inputs": {
        "claude-code-npm": "claude-code-npm",
        "factory-cli-nix": "factory-cli-nix",
        "home-manager": "home-manager",
        "nixpkgs": "nixpkgs",
        "nixpkgs-unstable": "nixpkgs-unstable",
        "opencode-nix": "opencode-nix",
        "sops-nix": "sops-nix"
      }
    },
    "sops-nix": {
      "inputs": {
        "nixpkgs": [
          "nixpkgs"
        ]
      },
      "locked": {
        "lastModified": 1760393368,
        "narHash": "sha256-8mN3kqyqa2PKY0wwZ2UmMEYMcxvNTwLaOrrDsw6Qi4E=",
        "owner": "Mic92",
        "repo": "sops-nix",
        "rev": "ab8d56e85b8be14cff9d93735951e30c3e86a437",
        "type": "github"
      },
      "original": {
        "owner": "Mic92",
        "repo": "sops-nix",
        "type": "github"
      }
    }
  },
  "root": "root",
  "version": 7
}
